// !$*UTF8*$!
{
	archiveVersion = 1;
	classes = {
	};
	objectVersion = 46;
	objects = {

/* Begin PBXFileReference section */
		F61B3D121B45E17E0050F219 /* AlarmClockLED.cpp */ = {isa = PBXFileReference; lastKnownFileType = sourcecode.cpp.cpp; path = AlarmClockLED.cpp; sourceTree = "<group>"; };
		F64FC55E1B91E6B9005F1E73 /* README.md */ = {isa = PBXFileReference; lastKnownFileType = net.daringfireball.markdown; path = README.md; sourceTree = "<group>"; };
		F64FC5601B91F822005F1E73 /* AlarmClockLEDVeroboard.png */ = {isa = PBXFileReference; lastKnownFileType = image.png; path = AlarmClockLEDVeroboard.png; sourceTree = "<group>"; };
		F64FC5611B91F8AB005F1E73 /* AlarmClockLEDSchematic.png */ = {isa = PBXFileReference; lastKnownFileType = image.png; path = AlarmClockLEDSchematic.png; sourceTree = "<group>"; };
/* End PBXFileReference section */

/* Begin PBXGroup section */
		F61B3D0A1B45E0D60050F219 = {
			isa = PBXGroup;
			children = (
				F64FC5611B91F8AB005F1E73 /* AlarmClockLEDSchematic.png */,
				F64FC5601B91F822005F1E73 /* AlarmClockLEDVeroboard.png */,
				F64FC55E1B91E6B9005F1E73 /* README.md */,
				F61B3D121B45E17E0050F219 /* AlarmClockLED.cpp */,
			);
			sourceTree = "<group>";
		};
/* End PBXGroup section */

/* Begin PBXProject section */
		F61B3D0B1B45E0D60050F219 /* Project object */ = {
			isa = PBXProject;
			attributes = {
				LastUpgradeCheck = 0630;
			};
			buildConfigurationList = F61B3D0E1B45E0D60050F219 /* Build configuration list for PBXProject "AlarmClockLED" */;
			compatibilityVersion = "Xcode 3.2";
			developmentRegion = English;
			hasScannedForEncodings = 0;
			knownRegions = (
				en,
			);
			mainGroup = F61B3D0A1B45E0D60050F219;
			projectDirPath = "";
			projectRoot = "";
			targets = (
			);
		};
/* End PBXProject section */

/* Begin XCBuildConfiguration section */
		F61B3D0F1B45E0D60050F219 /* Debug */ = {
			isa = XCBuildConfiguration;
			buildSettings = {
			};
			name = Debug;
		};
		F61B3D101B45E0D60050F219 /* Release */ = {
			isa = XCBuildConfiguration;
			buildSettings = {
			};
			name = Release;
		};
/* End XCBuildConfiguration section */

/* Begin XCConfigurationList section */
		F61B3D0E1B45E0D60050F219 /* Build configuration list for PBXProject "AlarmClockLED" */ = {
			isa = XCConfigurationList;
			buildConfigurations = (
				F61B3D0F1B45E0D60050F219 /* Debug */,
				F61B3D101B45E0D60050F219 /* Release */,
			);
			defaultConfigurationIsVisible = 0;
			defaultConfigurationName = Release;
		};
/* End XCConfigurationList section */
	};
	rootObject = F61B3D0B1B45E0D60050F219 /* Project object */;
}
